# This is a Gradle generated file for dependency locking.
# Manual edits can break the build and are not advised.
# This file is expected to be part of source control.
ch.qos.logback:logback-classic:1.6.3=compileClasspath,runtimeClasspath,testCompileClasspath,testRuntimeClasspath
ch.qos.logback:logback-core:1.6.3=compileClasspath,runtimeClasspath,testCompileClasspath,testRuntimeClasspath
club.minnced:opus-java-api:1.1.1=compileClasspath,runtimeClasspath,testCompileClasspath,testRuntimeClasspath
club.minnced:opus-java-natives:1.1.1=compileClasspath,runtimeClasspath,testCompileClasspath,testRuntimeClasspath
club.minnced:opus-java:1.1.1=compileClasspath,runtimeClasspath,testCompileClasspath,testRuntimeClasspath
com.fasterxml.jackson.core:jackson-annotations:2.22=compileClasspath,runtimeClasspath,testCompileClasspath,testRuntimeClasspath
com.fasterxml.jackson.core:jackson-core:2.22.2=compileClasspath,runtimeClasspath,testCompileClasspath,testRuntimeClasspath
com.fasterxml.jackson.core:jackson-databind:2.22.2=compileClasspath,runtimeClasspath,testCompileClasspath,testRuntimeClasspath
com.fasterxml.jackson:jackson-bom:2.22.2=compileClasspath,runtimeClasspath,testCompileClasspath,testRuntimeClasspath
com.google.code.findbugs:jsr305:3.0.2=runtimeClasspath,testRuntimeClasspath
com.google.code.gson:gson:2.10.1=runtimeClasspath,testRuntimeClasspath
com.google.crypto.tink:tink:1.18.0=runtimeClasspath,testRuntimeClasspath
com.google.errorprone:error_prone_annotations:2.22.0=runtimeClasspath,testRuntimeClasspath
com.google.protobuf:protobuf-java:4.28.2=runtimeClasspath,testRuntimeClasspath
com.neovisionaries:nv-websocket-client:2.14=compileClasspath,runtimeClasspath,testCompileClasspath,testRuntimeClasspath
com.squareup.okhttp3:okhttp-jvm:5.4.0=compileClasspath,runtimeClasspath,testCompileClasspath,testRuntimeClasspath
com.squareup.okio:okio-jvm:3.17.0=compileClasspath,runtimeClasspath,testCompileClasspath,testRuntimeClasspath
com.squareup.okio:okio:3.17.0=compileClasspath,runtimeClasspath,testCompileClasspath,testRuntimeClasspath
com.zaxxer:HikariCP:7.1.0=compileClasspath,runtimeClasspath,testCompileClasspath,testRuntimeClasspath
commons-codec:commons-codec:1.22.1=compileClasspath,runtimeClasspath,testCompileClasspath,testRuntimeClasspath
commons-io:commons-io:2.22.0=compileClasspath,runtimeClasspath,testCompileClasspath,testRuntimeClasspath
commons-logging:commons-logging:1.2=compileClasspath,runtimeClasspath,testCompileClasspath,testRuntimeClasspath
dev.arbjerg:lava-common:2.2.7=compileClasspath,runtimeClasspath,testCompileClasspath,testRuntimeClasspath
dev.arbjerg:lavaplayer-natives:2.2.7=runtimeClasspath,testRuntimeClasspath
dev.arbjerg:lavaplayer:2.2.7=compileClasspath,runtimeClasspath,testCompileClasspath,testRuntimeClasspath
net.dv8tion:JDA:6.5.0=compileClasspath,runtimeClasspath,testCompileClasspath,testRuntimeClasspath
net.iharder:base64:2.3.9=runtimeClasspath,testRuntimeClasspath
net.java.dev.jna:jna:4.4.0=runtimeClasspath,testRuntimeClasspath
net.sf.trove4j:core:3.1.0=runtimeClasspath,testRuntimeClasspath
org.apache.commons:commons-collections4:4.5.0=compileClasspath,runtimeClasspath,testCompileClasspath,testRuntimeClasspath
org.apache.httpcomponents:httpclient:4.5.14=compileClasspath,runtimeClasspath,testCompileClasspath,testRuntimeClasspath
org.apache.httpcomponents:httpcore:4.4.16=compileClasspath,runtimeClasspath,testCompileClasspath,testRuntimeClasspath
org.apiguardian:apiguardian-api:1.1.2=testCompileClasspath
org.checkerframework:checker-qual:3.55.1=runtimeClasspath,testRuntimeClasspath
org.jetbrains.kotlin:kotlin-stdlib:2.2.21=compileClasspath,runtimeClasspath,testCompileClasspath,testRuntimeClasspath
org.jetbrains:annotations:13.0=compileClasspath,testCompileClasspath
org.jetbrains:annotations:24.0.0=runtimeClasspath,testRuntimeClasspath
org.json:json:20240303=runtimeClasspath,testRuntimeClasspath
org.jsoup:jsoup:1.23.1=runtimeClasspath,testRuntimeClasspath
org.junit.jupiter:junit-jupiter-api:5.10.2=testCompileClasspath,testRuntimeClasspath
org.junit.jupiter:junit-jupiter-engine:5.10.2=testRuntimeClasspath
org.junit.jupiter:junit-jupiter-params:5.10.2=testCompileClasspath,testRuntimeClasspath
org.junit.jupiter:junit-jupiter:5.10.2=testCompileClasspath,testRuntimeClasspath
org.junit.platform:junit-platform-commons:1.10.2=testCompileClasspath,testRuntimeClasspath
org.junit.platform:junit-platform-engine:1.10.2=testRuntimeClasspath
org.junit:junit-bom:5.10.2=testCompileClasspath,testRuntimeClasspath
org.mozilla:rhino-engine:1.7.14=runtimeClasspath,testRuntimeClasspath
org.mozilla:rhino:1.7.14.1=runtimeClasspath,testRuntimeClasspath
org.opentest4j:opentest4j:1.3.0=testCompileClasspath,testRuntimeClasspath
org.postgresql:postgresql:42.7.13=compileClasspath,runtimeClasspath,testCompileClasspath,testRuntimeClasspath
org.projectlombok:lombok:1.18.30=annotationProcessor,compileClasspath
org.slf4j:slf4j-api:2.0.18=compileClasspath,runtimeClasspath,testCompileClasspath,testRuntimeClasspath
empty=testAnnotationProcessor
